# This file is automatically @generated by Cargo.
# It is not intended for manual editing.
version = 3

[[package]]
name = "vc-ltl"
version = "5.0.5"
source = "registry+https://github.com/rust-lang/crates.io-index"
checksum = "a598ed2ecab95d080d2d55110bb484572145f36793f15a25447189a86752ada4"

[[package]]
name = "vc-ltl-5-rust-demo"
version = "0.1.0"
dependencies = [
 "vc-ltl",
]
